
Microsoft Visual Studio Solution File, Format Version 12.00
# Visual Studio Version 16
VisualStudioVersion = 16.0.31911.196
MinimumVisualStudioVersion = 10.0.40219.1
Project("{FAE04EC0-301F-11D3-BF4B-00C04F79EFBC}") = "MCC61-API-Project", "MCC61-API-Project.csproj", "{74BFD010-2AE3-4C0E-9C3F-360E32820DC1}"
EndProject
Global
	GlobalSection(SolutionConfigurationPlatforms) = preSolution
		Debug|Any CPU = Debug|Any CPU
		Release|Any CPU = Release|Any CPU
	EndGlobalSection
	GlobalSection(ProjectConfigurationPlatforms) = postSolution
		{74BFD010-2AE3-4C0E-9C3F-360E32820DC1}.Debug|Any CPU.ActiveCfg = Debug|Any CPU
		{74BFD010-2AE3-4C0E-9C3F-360E32820DC1}.Debug|Any CPU.Build.0 = Debug|Any CPU
		{74BFD010-2AE3-4C0E-9C3F-360E32820DC1}.Release|Any CPU.ActiveCfg = Release|Any CPU
		{74BFD010-2AE3-4C0E-9C3F-360E32820DC1}.Release|Any CPU.Build.0 = Release|Any CPU
	EndGlobalSection
	GlobalSection(SolutionProperties) = preSolution
		HideSolutionNode = FALSE
	EndGlobalSection
	GlobalSection(ExtensibilityGlobals) = postSolution
		SolutionGuid = {5E8FC106-8F36-48EA-B45E-C91AB3B732F7}
	EndGlobalSection
EndGlobal
